#MicroXplorer Configuration settings - do not modify
CORTEX_M7.IPParameters=default_mode_Activation
CORTEX_M7.default_mode_Activation=1
File.Version=6
GPIO.groupedBy=Group By Peripherals
KeepUserPlacement=false
Mcu.CPN=STM32H723VET6
Mcu.Family=STM32H7
Mcu.IP0=CORTEX_M7
Mcu.IP1=NVIC
Mcu.IP2=RCC
Mcu.IP3=SPI2
Mcu.IP4=SYS
Mcu.IPNb=5
Mcu.Name=STM32H723VETx
Mcu.Package=LQFP100
Mcu.Pin0=PH0-OSC_IN
Mcu.Pin1=PH1-OSC_OUT
Mcu.Pin10=VP_SYS_VS_Systick
Mcu.Pin2=PC0
Mcu.Pin3=PC1
Mcu.Pin4=PC2_C
Mcu.Pin5=PC3_C
Mcu.Pin6=PC5
Mcu.Pin7=PB10
Mcu.Pin8=PD3
Mcu.Pin9=PB9
Mcu.PinsNb=11
Mcu.ThirdPartyNb=0
Mcu.UserConstants=
Mcu.UserName=STM32H723VETx
MxCube.Version=6.5.0
MxDb.Version=DB.6.0.50
NVIC.BusFault_IRQn=true\:0\:0\:false\:false\:true\:false\:false\:true
NVIC.DebugMonitor_IRQn=true\:0\:0\:false\:false\:true\:false\:false\:true
NVIC.ForceEnableDMAVector=true
NVIC.HardFault_IRQn=true\:0\:0\:false\:false\:true\:false\:false\:true
NVIC.MemoryManagement_IRQn=true\:0\:0\:false\:false\:true\:false\:false\:true
NVIC.NonMaskableInt_IRQn=true\:0\:0\:false\:false\:true\:false\:false\:true
NVIC.PendSV_IRQn=true\:0\:0\:false\:false\:true\:false\:false\:true
NVIC.PriorityGroup=NVIC_PRIORITYGROUP_4
NVIC.SPI2_IRQn=true\:0\:0\:false\:false\:true\:true\:true\:true
NVIC.SVCall_IRQn=true\:0\:0\:false\:false\:true\:false\:false\:true
NVIC.SysTick_IRQn=true\:15\:0\:false\:false\:true\:false\:true\:true
NVIC.UsageFault_IRQn=true\:0\:0\:false\:false\:true\:false\:false\:true
PB10.GPIOParameters=GPIO_Speed,GPIO_PuPd
PB10.GPIO_PuPd=GPIO_PULLUP
PB10.GPIO_Speed=GPIO_SPEED_FREQ_HIGH
PB10.Mode=Full_Duplex_Master
PB10.Signal=SPI2_SCK
PB9.GPIOParameters=GPIO_Speed,PinState,GPIO_PuPd,GPIO_Label,GPIO_ModeDefaultOutputPP
PB9.GPIO_Label=CS
PB9.GPIO_ModeDefaultOutputPP=GPIO_MODE_OUTPUT_PP
PB9.GPIO_PuPd=GPIO_PULLDOWN
PB9.GPIO_Speed=GPIO_SPEED_FREQ_HIGH
PB9.Locked=true
PB9.PinState=GPIO_PIN_SET
PB9.Signal=GPIO_Output
PC0.Locked=true
PC0.Signal=GPIO_Input
PC1.GPIOParameters=GPIO_Speed,GPIO_PuPd
PC1.GPIO_PuPd=GPIO_PULLUP
PC1.GPIO_Speed=GPIO_SPEED_FREQ_HIGH
PC1.Mode=Full_Duplex_Master
PC1.Signal=SPI2_MOSI
PC2_C.GPIOParameters=GPIO_Speed,GPIO_PuPd
PC2_C.GPIO_PuPd=GPIO_PULLUP
PC2_C.GPIO_Speed=GPIO_SPEED_FREQ_HIGH
PC2_C.Mode=Full_Duplex_Master
PC2_C.Signal=SPI2_MISO
PC3_C.GPIOParameters=GPIO_PuPd
PC3_C.GPIO_PuPd=GPIO_PULLDOWN
PC3_C.Locked=true
PC3_C.Signal=GPIO_Output
PC5.GPIOParameters=GPIO_PuPd,GPIO_ModeDefaultOutputPP
PC5.GPIO_ModeDefaultOutputPP=GPIO_MODE_OUTPUT_PP
PC5.GPIO_PuPd=GPIO_PULLDOWN
PC5.Locked=true
PC5.Signal=GPIO_Output
PD3.GPIOParameters=PinState
PD3.Locked=true
PD3.PinState=GPIO_PIN_SET
PD3.Signal=GPIO_Output
PH0-OSC_IN.Mode=HSE-External-Oscillator
PH0-OSC_IN.Signal=RCC_OSC_IN
PH1-OSC_OUT.Mode=HSE-External-Oscillator
PH1-OSC_OUT.Signal=RCC_OSC_OUT
PinOutPanel.RotationAngle=0
ProjectManager.AskForMigrate=true
ProjectManager.BackupPrevious=false
ProjectManager.CompilerOptimize=6
ProjectManager.ComputerToolchain=false
ProjectManager.CoupleFile=false
ProjectManager.CustomerFirmwarePackage=
ProjectManager.DefaultFWLocation=true
ProjectManager.DeletePrevious=true
ProjectManager.DeviceId=STM32H723VETx
ProjectManager.FirmwarePackage=STM32Cube FW_H7 V1.10.0
ProjectManager.FreePins=false
ProjectManager.HalAssertFull=false
ProjectManager.HeapSize=0x200
ProjectManager.KeepUserCode=true
ProjectManager.LastFirmware=true
ProjectManager.LibraryCopy=1
ProjectManager.MainLocation=Core/Src
ProjectManager.NoMain=false
ProjectManager.PreviousToolchain=
ProjectManager.ProjectBuild=false
ProjectManager.ProjectFileName=1.ioc
ProjectManager.ProjectName=1
ProjectManager.RegisterCallBack=
ProjectManager.StackSize=0x400
ProjectManager.TargetToolchain=MDK-ARM V5.32
ProjectManager.ToolChainLocation=
ProjectManager.UnderRoot=false
ProjectManager.functionlistsort=1-SystemClock_Config-RCC-false-HAL-false,2-MX_GPIO_Init-GPIO-false-HAL-true,3-MX_SPI2_Init-SPI2-false-HAL-true,0-MX_CORTEX_M7_Init-CORTEX_M7-false-HAL-true
RCC.ADCFreq_Value=6400000
RCC.AHB12Freq_Value=42500000
RCC.AHB4Freq_Value=42500000
RCC.APB1Freq_Value=42500000
RCC.APB2Freq_Value=42500000
RCC.APB3Freq_Value=42500000
RCC.APB4Freq_Value=42500000
RCC.AXIClockFreq_Value=42500000
RCC.CECFreq_Value=32000
RCC.CKPERFreq_Value=64000000
RCC.CortexFreq_Value=340000000
RCC.CpuClockFreq_Value=340000000
RCC.D1CPREFreq_Value=340000000
RCC.DFSDMACLkFreq_Value=170000000
RCC.DFSDMFreq_Value=42500000
RCC.DIVM1=1
RCC.DIVM2=6
RCC.DIVN1=42
RCC.DIVN2=120
RCC.DIVP1=1
RCC.DIVP1Freq_Value=340000000
RCC.DIVP2=25
RCC.DIVP2Freq_Value=6400000
RCC.DIVP3Freq_Value=16125000
RCC.DIVQ1Freq_Value=170000000
RCC.DIVQ2Freq_Value=80000000
RCC.DIVQ3Freq_Value=16125000
RCC.DIVR1Freq_Value=170000000
RCC.DIVR2Freq_Value=80000000
RCC.DIVR3Freq_Value=16125000
RCC.FDCANFreq_Value=170000000
RCC.FMCFreq_Value=42500000
RCC.FamilyName=M
RCC.HCLK3ClockFreq_Value=42500000
RCC.HCLKFreq_Value=42500000
RCC.HPRE=RCC_HCLK_DIV8
RCC.HSE_VALUE=8000000
RCC.I2C123Freq_Value=42500000
RCC.I2C4Freq_Value=42500000
RCC.IPParameters=ADCFreq_Value,AHB12Freq_Value,AHB4Freq_Value,APB1Freq_Value,APB2Freq_Value,APB3Freq_Value,APB4Freq_Value,AXIClockFreq_Value,CECFreq_Value,CKPERFreq_Value,CortexFreq_Value,CpuClockFreq_Value,D1CPREFreq_Value,DFSDMACLkFreq_Value,DFSDMFreq_Value,DIVM1,DIVM2,DIVN1,DIVN2,DIVP1,DIVP1Freq_Value,DIVP2,DIVP2Freq_Value,DIVP3Freq_Value,DIVQ1Freq_Value,DIVQ2Freq_Value,DIVQ3Freq_Value,DIVR1Freq_Value,DIVR2Freq_Value,DIVR3Freq_Value,FDCANFreq_Value,FMCFreq_Value,FamilyName,HCLK3ClockFreq_Value,HCLKFreq_Value,HPRE,HSE_VALUE,I2C123Freq_Value,I2C4Freq_Value,LPTIM1Freq_Value,LPTIM2Freq_Value,LPTIM345Freq_Value,LPUART1Freq_Value,LTDCFreq_Value,MCO1PinFreq_Value,MCO2PinFreq_Value,PLL3FRACN,PLLFRACN,PLLSourceVirtual,QSPIFreq_Value,RNGFreq_Value,RTCFreq_Value,SAI1Freq_Value,SAI4AFreq_Value,SAI4BFreq_Value,SDMMCFreq_Value,SPDIFRXFreq_Value,SPI123CLockSelection,SPI123Freq_Value,SPI45Freq_Value,SPI6Freq_Value,SWPMI1Freq_Value,SYSCLKFreq_VALUE,SYSCLKSource,Tim1OutputFreq_Value,Tim2OutputFreq_Value,TraceFreq_Value,USART16Freq_Value,USART234578Freq_Value,USBFreq_Value,VCO1OutputFreq_Value,VCO2OutputFreq_Value,VCO3OutputFreq_Value,VCOInput1Freq_Value,VCOInput2Freq_Value,VCOInput3Freq_Value
RCC.LPTIM1Freq_Value=42500000
RCC.LPTIM2Freq_Value=42500000
RCC.LPTIM345Freq_Value=42500000
RCC.LPUART1Freq_Value=42500000
RCC.LTDCFreq_Value=16125000
RCC.MCO1PinFreq_Value=64000000
RCC.MCO2PinFreq_Value=340000000
RCC.PLL3FRACN=0
RCC.PLLFRACN=4096
RCC.PLLSourceVirtual=RCC_PLLSOURCE_HSE
RCC.QSPIFreq_Value=42500000
RCC.RNGFreq_Value=48000000
RCC.RTCFreq_Value=32000
RCC.SAI1Freq_Value=170000000
RCC.SAI4AFreq_Value=170000000
RCC.SAI4BFreq_Value=170000000
RCC.SDMMCFreq_Value=170000000
RCC.SPDIFRXFreq_Value=170000000
RCC.SPI123CLockSelection=RCC_SPI123CLKSOURCE_PLL2
RCC.SPI123Freq_Value=6400000
RCC.SPI45Freq_Value=42500000
RCC.SPI6Freq_Value=42500000
RCC.SWPMI1Freq_Value=42500000
RCC.SYSCLKFreq_VALUE=340000000
RCC.SYSCLKSource=RCC_SYSCLKSOURCE_PLLCLK
RCC.Tim1OutputFreq_Value=42500000
RCC.Tim2OutputFreq_Value=42500000
RCC.TraceFreq_Value=64000000
RCC.USART16Freq_Value=42500000
RCC.USART234578Freq_Value=42500000
RCC.USBFreq_Value=170000000
RCC.VCO1OutputFreq_Value=340000000
RCC.VCO2OutputFreq_Value=160000000
RCC.VCO3OutputFreq_Value=32250000
RCC.VCOInput1Freq_Value=8000000
RCC.VCOInput2Freq_Value=1333333.3333333333
RCC.VCOInput3Freq_Value=250000
SPI2.BaudRatePrescaler=SPI_BAUDRATEPRESCALER_128
SPI2.CLKPhase=SPI_PHASE_1EDGE
SPI2.CLKPolarity=SPI_POLARITY_LOW
SPI2.CRCCalculation=SPI_CRCCALCULATION_DISABLE
SPI2.CalculateBaudRate=50.0 KBits/s
SPI2.DataSize=SPI_DATASIZE_8BIT
SPI2.Direction=SPI_DIRECTION_2LINES
SPI2.IPParameters=VirtualType,Mode,Direction,CalculateBaudRate,DataSize,CLKPolarity,CLKPhase,NSSPMode,CRCCalculation,BaudRatePrescaler
SPI2.Mode=SPI_MODE_MASTER
SPI2.NSSPMode=SPI_NSS_PULSE_ENABLE
SPI2.VirtualType=VM_MASTER
VP_SYS_VS_Systick.Mode=SysTick
VP_SYS_VS_Systick.Signal=SYS_VS_Systick
board=custom
